
Microsoft Visual Studio Solution File, Format Version 12.00
# Visual Studio Version 17
VisualStudioVersion = 17.3.32922.545
MinimumVisualStudioVersion = 10.0.40219.1
Project("{FAE04EC0-301F-11D3-BF4B-00C04F79EFBC}") = "Assignments-1", "Assignments-1\Assignments-1.csproj", "{D108756E-B6B0-4101-A914-E11949B19DD4}"
EndProject
Global
	GlobalSection(SolutionConfigurationPlatforms) = preSolution
		Debug|Any CPU = Debug|Any CPU
		Release|Any CPU = Release|Any CPU
	EndGlobalSection
	GlobalSection(ProjectConfigurationPlatforms) = postSolution
		{D108756E-B6B0-4101-A914-E11949B19DD4}.Debug|Any CPU.ActiveCfg = Debug|Any CPU
		{D108756E-B6B0-4101-A914-E11949B19DD4}.Debug|Any CPU.Build.0 = Debug|Any CPU
		{D108756E-B6B0-4101-A914-E11949B19DD4}.Release|Any CPU.ActiveCfg = Release|Any CPU
		{D108756E-B6B0-4101-A914-E11949B19DD4}.Release|Any CPU.Build.0 = Release|Any CPU
	EndGlobalSection
	GlobalSection(SolutionProperties) = preSolution
		HideSolutionNode = FALSE
	EndGlobalSection
	GlobalSection(ExtensibilityGlobals) = postSolution
		SolutionGuid = {02FB5B90-A574-48F4-B6C2-F07889637833}
	EndGlobalSection
EndGlobal
